
Microsoft Visual Studio Solution File, Format Version 12.00
# Visual Studio Version 16
VisualStudioVersion = 16.0.29905.134
MinimumVisualStudioVersion = 10.0.40219.1
Project("{8BC9CEB8-8B4A-11D0-8D11-00A0C91BC942}") = "MyPlayer", "MyPlayer\MyPlayer.vcxproj", "{B5D1B833-BCA1-4765-B03C-443D69CCF702}"
EndProject
Global
	GlobalSection(SolutionConfigurationPlatforms) = preSolution
		Debug|x64 = Debug|x64
		Release|x64 = Release|x64
	EndGlobalSection
	GlobalSection(ProjectConfigurationPlatforms) = postSolution
		{B5D1B833-BCA1-4765-B03C-443D69CCF702}.Debug|x64.ActiveCfg = Debug|x64
		{B5D1B833-BCA1-4765-B03C-443D69CCF702}.Debug|x64.Build.0 = Debug|x64
		{B5D1B833-BCA1-4765-B03C-443D69CCF702}.Release|x64.ActiveCfg = Release|x64
		{B5D1B833-BCA1-4765-B03C-443D69CCF702}.Release|x64.Build.0 = Release|x64
	EndGlobalSection
	GlobalSection(SolutionProperties) = preSolution
		HideSolutionNode = FALSE
	EndGlobalSection
	GlobalSection(ExtensibilityGlobals) = postSolution
		SolutionGuid = {880675FB-1DE6-43F3-84C5-A4FFE1B844CE}
	EndGlobalSection
EndGlobal
